
Microsoft Visual Studio Solution File, Format Version 12.00
# Visual Studio Version 17
VisualStudioVersion = 17.14.36908.2 d17.14
MinimumVisualStudioVersion = 10.0.40219.1
Project("{FAE04EC0-301F-11D3-BF4B-00C04F79EFBC}") = "Abstracciones", "Abstracciones\Abstracciones.csproj", "{8BB458F5-73D4-CD5D-40C4-CCABFEDAD34F}"
EndProject
Project("{FAE04EC0-301F-11D3-BF4B-00C04F79EFBC}") = "DA", "DA\DA.csproj", "{7CE699E8-F5D2-F063-D3DC-90B32E61BC0C}"
EndProject
Project("{FAE04EC0-301F-11D3-BF4B-00C04F79EFBC}") = "Flujo", "Flujo\Flujo.csproj", "{CAC7931E-A99C-77DB-5A7F-3FC2A693DB09}"
EndProject
Project("{FAE04EC0-301F-11D3-BF4B-00C04F79EFBC}") = "Middleware", "Middleware\Middleware.csproj", "{84100F7F-EEDD-E293-F477-A123E4AD55F2}"
EndProject
Global
	GlobalSection(SolutionConfigurationPlatforms) = preSolution
		Debug|Any CPU = Debug|Any CPU
		Release|Any CPU = Release|Any CPU
	EndGlobalSection
	GlobalSection(ProjectConfigurationPlatforms) = postSolution
		{8BB458F5-73D4-CD5D-40C4-CCABFEDAD34F}.Debug|Any CPU.ActiveCfg = Debug|Any CPU
		{8BB458F5-73D4-CD5D-40C4-CCABFEDAD34F}.Debug|Any CPU.Build.0 = Debug|Any CPU
		{8BB458F5-73D4-CD5D-40C4-CCABFEDAD34F}.Release|Any CPU.ActiveCfg = Release|Any CPU
		{8BB458F5-73D4-CD5D-40C4-CCABFEDAD34F}.Release|Any CPU.Build.0 = Release|Any CPU
		{7CE699E8-F5D2-F063-D3DC-90B32E61BC0C}.Debug|Any CPU.ActiveCfg = Debug|Any CPU
		{7CE699E8-F5D2-F063-D3DC-90B32E61BC0C}.Debug|Any CPU.Build.0 = Debug|Any CPU
		{7CE699E8-F5D2-F063-D3DC-90B32E61BC0C}.Release|Any CPU.ActiveCfg = Release|Any CPU
		{7CE699E8-F5D2-F063-D3DC-90B32E61BC0C}.Release|Any CPU.Build.0 = Release|Any CPU
		{CAC7931E-A99C-77DB-5A7F-3FC2A693DB09}.Debug|Any CPU.ActiveCfg = Debug|Any CPU
		{CAC7931E-A99C-77DB-5A7F-3FC2A693DB09}.Debug|Any CPU.Build.0 = Debug|Any CPU
		{CAC7931E-A99C-77DB-5A7F-3FC2A693DB09}.Release|Any CPU.ActiveCfg = Release|Any CPU
		{CAC7931E-A99C-77DB-5A7F-3FC2A693DB09}.Release|Any CPU.Build.0 = Release|Any CPU
		{84100F7F-EEDD-E293-F477-A123E4AD55F2}.Debug|Any CPU.ActiveCfg = Debug|Any CPU
		{84100F7F-EEDD-E293-F477-A123E4AD55F2}.Debug|Any CPU.Build.0 = Debug|Any CPU
		{84100F7F-EEDD-E293-F477-A123E4AD55F2}.Release|Any CPU.ActiveCfg = Release|Any CPU
		{84100F7F-EEDD-E293-F477-A123E4AD55F2}.Release|Any CPU.Build.0 = Release|Any CPU
	EndGlobalSection
	GlobalSection(SolutionProperties) = preSolution
		HideSolutionNode = FALSE
	EndGlobalSection
	GlobalSection(ExtensibilityGlobals) = postSolution
		SolutionGuid = {E3AF014F-46EF-4FF1-A611-EADE91C78C47}
	EndGlobalSection
EndGlobal
