
Microsoft Visual Studio Solution File, Format Version 12.00
# Visual Studio Version 17
VisualStudioVersion = 17.14.36908.2 d17.14
MinimumVisualStudioVersion = 10.0.40219.1
Project("{FAE04EC0-301F-11D3-BF4B-00C04F79EFBC}") = "API", "API\API.csproj", "{CBFA08EA-AECE-205F-7B85-326FD0B81BAD}"
EndProject
Project("{00D1A9C2-B5F0-4AF3-8072-F6C62B433612}") = "BD", "BD\BD.sqlproj", "{61209CAD-ACB4-4F9F-A9DB-30DAF459578D}"
EndProject
Project("{FAE04EC0-301F-11D3-BF4B-00C04F79EFBC}") = "Abstracciones", "Abstracciones\Abstracciones.csproj", "{8BB458F5-73D4-CD5D-40C4-CCABFEDAD34F}"
EndProject
Project("{FAE04EC0-301F-11D3-BF4B-00C04F79EFBC}") = "Flujo", "Flujo\Flujo.csproj", "{CAC7931E-A99C-77DB-5A7F-3FC2A693DB09}"
EndProject
Project("{FAE04EC0-301F-11D3-BF4B-00C04F79EFBC}") = "Helpers", "Helpers\Helpers.csproj", "{57B68BDB-4AD1-72E6-BF38-FF4B9A787EA2}"
EndProject
Project("{FAE04EC0-301F-11D3-BF4B-00C04F79EFBC}") = "Reglas", "Reglas\Reglas.csproj", "{C52E5D1E-84EA-2286-5FB9-75F33C370D27}"
EndProject
Global
	GlobalSection(SolutionConfigurationPlatforms) = preSolution
		Debug|Any CPU = Debug|Any CPU
		Release|Any CPU = Release|Any CPU
	EndGlobalSection
	GlobalSection(ProjectConfigurationPlatforms) = postSolution
		{CBFA08EA-AECE-205F-7B85-326FD0B81BAD}.Debug|Any CPU.ActiveCfg = Debug|Any CPU
		{CBFA08EA-AECE-205F-7B85-326FD0B81BAD}.Debug|Any CPU.Build.0 = Debug|Any CPU
		{CBFA08EA-AECE-205F-7B85-326FD0B81BAD}.Release|Any CPU.ActiveCfg = Release|Any CPU
		{CBFA08EA-AECE-205F-7B85-326FD0B81BAD}.Release|Any CPU.Build.0 = Release|Any CPU
		{61209CAD-ACB4-4F9F-A9DB-30DAF459578D}.Debug|Any CPU.ActiveCfg = Debug|Any CPU
		{61209CAD-ACB4-4F9F-A9DB-30DAF459578D}.Debug|Any CPU.Build.0 = Debug|Any CPU
		{61209CAD-ACB4-4F9F-A9DB-30DAF459578D}.Debug|Any CPU.Deploy.0 = Debug|Any CPU
		{61209CAD-ACB4-4F9F-A9DB-30DAF459578D}.Release|Any CPU.ActiveCfg = Release|Any CPU
		{61209CAD-ACB4-4F9F-A9DB-30DAF459578D}.Release|Any CPU.Build.0 = Release|Any CPU
		{61209CAD-ACB4-4F9F-A9DB-30DAF459578D}.Release|Any CPU.Deploy.0 = Release|Any CPU
		{8BB458F5-73D4-CD5D-40C4-CCABFEDAD34F}.Debug|Any CPU.ActiveCfg = Debug|Any CPU
		{8BB458F5-73D4-CD5D-40C4-CCABFEDAD34F}.Debug|Any CPU.Build.0 = Debug|Any CPU
		{8BB458F5-73D4-CD5D-40C4-CCABFEDAD34F}.Release|Any CPU.ActiveCfg = Release|Any CPU
		{8BB458F5-73D4-CD5D-40C4-CCABFEDAD34F}.Release|Any CPU.Build.0 = Release|Any CPU
		{CAC7931E-A99C-77DB-5A7F-3FC2A693DB09}.Debug|Any CPU.ActiveCfg = Debug|Any CPU
		{CAC7931E-A99C-77DB-5A7F-3FC2A693DB09}.Debug|Any CPU.Build.0 = Debug|Any CPU
		{CAC7931E-A99C-77DB-5A7F-3FC2A693DB09}.Release|Any CPU.ActiveCfg = Release|Any CPU
		{CAC7931E-A99C-77DB-5A7F-3FC2A693DB09}.Release|Any CPU.Build.0 = Release|Any CPU
		{57B68BDB-4AD1-72E6-BF38-FF4B9A787EA2}.Debug|Any CPU.ActiveCfg = Debug|Any CPU
		{57B68BDB-4AD1-72E6-BF38-FF4B9A787EA2}.Debug|Any CPU.Build.0 = Debug|Any CPU
		{57B68BDB-4AD1-72E6-BF38-FF4B9A787EA2}.Release|Any CPU.ActiveCfg = Release|Any CPU
		{57B68BDB-4AD1-72E6-BF38-FF4B9A787EA2}.Release|Any CPU.Build.0 = Release|Any CPU
		{C52E5D1E-84EA-2286-5FB9-75F33C370D27}.Debug|Any CPU.ActiveCfg = Debug|Any CPU
		{C52E5D1E-84EA-2286-5FB9-75F33C370D27}.Debug|Any CPU.Build.0 = Debug|Any CPU
		{C52E5D1E-84EA-2286-5FB9-75F33C370D27}.Release|Any CPU.ActiveCfg = Release|Any CPU
		{C52E5D1E-84EA-2286-5FB9-75F33C370D27}.Release|Any CPU.Build.0 = Release|Any CPU
	EndGlobalSection
	GlobalSection(SolutionProperties) = preSolution
		HideSolutionNode = FALSE
	EndGlobalSection
	GlobalSection(ExtensibilityGlobals) = postSolution
		SolutionGuid = {181BDF05-B411-4684-ACAD-B4484B2ED4FB}
	EndGlobalSection
EndGlobal
